{
  "name": "dafabi-frangos",
  "version": "1.0.0",
  "lockfileVersion": 3,
  "requires": true,
  "packages": {
    "": {
      "name": "dafabi-frangos",
      "version": "1.0.0",
      "dependencies": {
        "@angular/animations": "^20.3.0",
        "@angular/cdk": "^20.2.0",
        "@angular/common": "^20.3.0",
        "@angular/compiler": "^20.3.0",
        "@angular/core": "^20.3.0",
        "@angular/forms": "^20.3.0",
        "@angular/material": "^20.2.0",
        "@angular/platform-browser": "^20.3.0",
        "@angular/platform-browser-dynamic": "^20.3.0",
        "@angular/router": "^20.3.0",
        "rxjs": "^7.8.2",
        "tslib": "^2.8.1",
        "zone.js": "^0.15.1"
      },
      "devDependencies": {
        "@angular/build": "^20.3.0",
        "@angular/cli": "^20.3.0",
        "@angular/compiler-cli": "^20.3.0",
        "typescript": "~5.9.2"
      }
    },
    "../node_modules/.pnpm/@angular+animations@20.3.31_f11cc97a1b7633d59be5e91547e7faa6/node_modules/@angular/animations": {
      "version": "20.3.31",
      "license": "MIT",
      "dependencies": {
        "tslib": "^2.3.0"
      },
      "engines": {
        "node": "^20.19.0 || ^22.12.0 || >=24.0.0"
      },
      "peerDependencies": {
        "@angular/core": "20.3.31"
      }
    },
    "../node_modules/.pnpm/@angular+build@20.3.37_@ang_3409843f4f1f5db7063bab0a168644ea/node_modules/@angular/build": {
      "version": "20.3.37",
      "dev": true,
      "license": "MIT",
      "dependencies": {
        "@ampproject/remapping": "2.3.0",
        "@angular-devkit/architect": "0.2003.37",
        "@babel/core": "7.29.7",
        "@babel/helper-annotate-as-pure": "7.27.3",
        "@babel/helper-split-export-declaration": "7.24.7",
        "@inquirer/confirm": "5.1.14",
        "@vitejs/plugin-basic-ssl": "2.1.0",
        "beasties": "0.3.5",
        "browserslist": "^4.23.0",
        "esbuild": "0.28.1",
        "https-proxy-agent": "7.0.6",
        "istanbul-lib-instrument": "6.0.3",
        "jsonc-parser": "3.3.1",
        "listr2": "9.0.1",
        "magic-string": "0.30.17",
        "mrmime": "2.0.1",
        "parse5-html-rewriting-stream": "8.0.0",
        "picomatch": "4.0.4",
        "piscina": "5.2.0",
        "rollup": "4.59.0",
        "sass": "1.90.0",
        "semver": "7.7.2",
        "source-map-support": "0.5.21",
        "tinyglobby": "0.2.14",
        "vite": "7.3.6",
        "watchpack": "2.4.4"
      },
      "engines": {
        "node": "^20.19.0 || ^22.12.0 || >=24.0.0",
        "npm": "^6.11.0 || ^7.5.6 || >=8.0.0",
        "yarn": ">= 1.13.0"
      },
      "optionalDependencies": {
        "lmdb": "3.4.2"
      },
      "peerDependencies": {
        "@angular/compiler": "^20.0.0",
        "@angular/compiler-cli": "^20.0.0",
        "@angular/core": "^20.0.0",
        "@angular/localize": "^20.0.0",
        "@angular/platform-browser": "^20.0.0",
        "@angular/platform-server": "^20.0.0",
        "@angular/service-worker": "^20.0.0",
        "@angular/ssr": "^20.3.37",
        "karma": "^6.4.0",
        "less": "^4.2.0",
        "ng-packagr": "^20.0.0",
        "postcss": "^8.4.0",
        "tailwindcss": "^2.0.0 || ^3.0.0 || ^4.0.0",
        "tslib": "^2.3.0",
        "typescript": ">=5.8 <6.0",
        "vitest": "^3.1.1"
      },
      "peerDependenciesMeta": {
        "@angular/core": {
          "optional": true
        },
        "@angular/localize": {
          "optional": true
        },
        "@angular/platform-browser": {
          "optional": true
        },
        "@angular/platform-server": {
          "optional": true
        },
        "@angular/service-worker": {
          "optional": true
        },
        "@angular/ssr": {
          "optional": true
        },
        "karma": {
          "optional": true
        },
        "less": {
          "optional": true
        },
        "ng-packagr": {
          "optional": true
        },
        "postcss": {
          "optional": true
        },
        "tailwindcss": {
          "optional": true
        },
        "vitest": {
          "optional": true
        }
      }
    },
    "../node_modules/.pnpm/@angular+cdk@20.2.14_@angul_81db9deb650f4472a5b686cd83e38aa9/node_modules/@angular/cdk": {
      "version": "20.2.14",
      "license": "MIT",
      "dependencies": {
        "parse5": "^8.0.0",
        "tslib": "^2.3.0"
      },
      "peerDependencies": {
        "@angular/common": "^20.0.0 || ^21.0.0",
        "@angular/core": "^20.0.0 || ^21.0.0",
        "rxjs": "^6.5.3 || ^7.4.0"
      }
    },
    "../node_modules/.pnpm/@angular+cli@20.3.37_chokidar@4.0.3/node_modules/@angular/cli": {
      "version": "20.3.37",
      "dev": true,
      "license": "MIT",
      "dependencies": {
        "@angular-devkit/architect": "0.2003.37",
        "@angular-devkit/core": "20.3.37",
        "@angular-devkit/schematics": "20.3.37",
        "@inquirer/prompts": "7.8.2",
        "@listr2/prompt-adapter-inquirer": "3.0.1",
        "@modelcontextprotocol/sdk": "1.30.0",
        "@schematics/angular": "20.3.37",
        "@yarnpkg/lockfile": "1.1.0",
        "algoliasearch": "5.35.0",
        "ini": "5.0.0",
        "jsonc-parser": "3.3.1",
        "listr2": "9.0.1",
        "npm-package-arg": "13.0.0",
        "pacote": "21.5.1",
        "resolve": "1.22.10",
        "semver": "7.7.2",
        "yargs": "18.0.0",
        "zod": "4.1.13"
      },
      "bin": {
        "ng": "bin/ng.js"
      },
      "engines": {
        "node": "^20.19.0 || ^22.12.0 || >=24.0.0",
        "npm": "^6.11.0 || ^7.5.6 || >=8.0.0",
        "yarn": ">= 1.13.0"
      }
    },
    "../node_modules/.pnpm/@angular+common@20.3.31_@an_7ceb91717f88c76acafc240fbd554ced/node_modules/@angular/common": {
      "version": "20.3.31",
      "license": "MIT",
      "dependencies": {
        "tslib": "^2.3.0"
      },
      "engines": {
        "node": "^20.19.0 || ^22.12.0 || >=24.0.0"
      },
      "peerDependencies": {
        "@angular/core": "20.3.31",
        "rxjs": "^6.5.3 || ^7.4.0"
      }
    },
    "../node_modules/.pnpm/@angular+compiler-cli@20.3._4d54517eb502f0e19d71e1d34705011c/node_modules/@angular/compiler-cli": {
      "version": "20.3.31",
      "dev": true,
      "license": "MIT",
      "dependencies": {
        "@babel/core": "7.29.7",
        "@jridgewell/sourcemap-codec": "^1.4.14",
        "chokidar": "^4.0.0",
        "convert-source-map": "^1.5.1",
        "reflect-metadata": "^0.2.0",
        "semver": "^7.0.0",
        "tslib": "^2.3.0",
        "yargs": "^18.0.0"
      },
      "bin": {
        "ng-xi18n": "bundles/src/bin/ng_xi18n.js",
        "ngc": "bundles/src/bin/ngc.js"
      },
      "engines": {
        "node": "^20.19.0 || ^22.12.0 || >=24.0.0"
      },
      "peerDependencies": {
        "@angular/compiler": "20.3.31",
        "typescript": ">=5.8 <6.0"
      },
      "peerDependenciesMeta": {
        "typescript": {
          "optional": true
        }
      }
    },
    "../node_modules/.pnpm/@angular+compiler@20.3.31/node_modules/@angular/compiler": {
      "version": "20.3.31",
      "license": "MIT",
      "dependencies": {
        "tslib": "^2.3.0"
      },
      "engines": {
        "node": "^20.19.0 || ^22.12.0 || >=24.0.0"
      }
    },
    "../node_modules/.pnpm/@angular+core@20.3.31_@angu_b2eaeb664795d2722e388c670fd38cda/node_modules/@angular/core": {
      "version": "20.3.31",
      "license": "MIT",
      "dependencies": {
        "tslib": "^2.3.0"
      },
      "engines": {
        "node": "^20.19.0 || ^22.12.0 || >=24.0.0"
      },
      "peerDependencies": {
        "@angular/compiler": "20.3.31",
        "rxjs": "^6.5.3 || ^7.4.0",
        "zone.js": "~0.15.0"
      },
      "peerDependenciesMeta": {
        "@angular/compiler": {
          "optional": true
        },
        "zone.js": {
          "optional": true
        }
      }
    },
    "../node_modules/.pnpm/@angular+forms@20.3.31_@ang_9955bb3afd1ca91c9e95abb4cee4a28b/node_modules/@angular/forms": {
      "version": "20.3.31",
      "license": "MIT",
      "dependencies": {
        "tslib": "^2.3.0"
      },
      "engines": {
        "node": "^20.19.0 || ^22.12.0 || >=24.0.0"
      },
      "peerDependencies": {
        "@angular/common": "20.3.31",
        "@angular/core": "20.3.31",
        "@angular/platform-browser": "20.3.31",
        "rxjs": "^6.5.3 || ^7.4.0"
      }
    },
    "../node_modules/.pnpm/@angular+material@20.2.14_eb2857489f902b621f1834083951e96a/node_modules/@angular/material": {
      "version": "20.2.14",
      "license": "MIT",
      "dependencies": {
        "tslib": "^2.3.0"
      },
      "devDependencies": {
        "@angular/cdk": "workspace:*"
      },
      "peerDependencies": {
        "@angular/cdk": "20.2.14",
        "@angular/common": "^20.0.0 || ^21.0.0",
        "@angular/core": "^20.0.0 || ^21.0.0",
        "@angular/forms": "^20.0.0 || ^21.0.0",
        "@angular/platform-browser": "^20.0.0 || ^21.0.0",
        "rxjs": "^6.5.3 || ^7.4.0"
      }
    },
    "../node_modules/.pnpm/@angular+platform-browser-d_a333ac9dc4652fef59193218520669c7/node_modules/@angular/platform-browser-dynamic": {
      "version": "20.3.31",
      "license": "MIT",
      "dependencies": {
        "tslib": "^2.3.0"
      },
      "engines": {
        "node": "^20.19.0 || ^22.12.0 || >=24.0.0"
      },
      "peerDependencies": {
        "@angular/common": "20.3.31",
        "@angular/compiler": "20.3.31",
        "@angular/core": "20.3.31",
        "@angular/platform-browser": "20.3.31"
      }
    },
    "../node_modules/.pnpm/@angular+platform-browser@2_03bce70b93398801942d8cfd595f9ee8/node_modules/@angular/platform-browser": {
      "version": "20.3.31",
      "license": "MIT",
      "dependencies": {
        "tslib": "^2.3.0"
      },
      "engines": {
        "node": "^20.19.0 || ^22.12.0 || >=24.0.0"
      },
      "peerDependencies": {
        "@angular/animations": "20.3.31",
        "@angular/common": "20.3.31",
        "@angular/core": "20.3.31"
      },
      "peerDependenciesMeta": {
        "@angular/animations": {
          "optional": true
        }
      }
    },
    "../node_modules/.pnpm/@angular+router@20.3.31_@an_3e8804563d62e96ad7c6c08a97d1aa6b/node_modules/@angular/router": {
      "version": "20.3.31",
      "license": "MIT",
      "dependencies": {
        "tslib": "^2.3.0"
      },
      "engines": {
        "node": "^20.19.0 || ^22.12.0 || >=24.0.0"
      },
      "peerDependencies": {
        "@angular/common": "20.3.31",
        "@angular/core": "20.3.31",
        "@angular/platform-browser": "20.3.31",
        "rxjs": "^6.5.3 || ^7.4.0"
      }
    },
    "../node_modules/.pnpm/rxjs@7.8.2/node_modules/rxjs": {
      "version": "7.8.2",
      "license": "Apache-2.0",
      "dependencies": {
        "tslib": "^2.1.0"
      },
      "devDependencies": {
        "@angular-devkit/build-optimizer": "0.4.6",
        "@angular-devkit/schematics": "^11.0.7",
        "@swc/core": "^1.2.128",
        "@swc/helpers": "^0.3.2",
        "@types/chai": "^4.2.11",
        "@types/lodash": "4.14.102",
        "@types/mocha": "^7.0.2",
        "@types/node": "^14.14.6",
        "@types/shelljs": "^0.8.8",
        "@types/sinon": "4.1.3",
        "@types/sinon-chai": "2.7.29",
        "@types/source-map": "^0.5.2",
        "@typescript-eslint/eslint-plugin": "^4.29.1",
        "@typescript-eslint/parser": "^4.29.1",
        "babel-polyfill": "6.26.0",
        "chai": "^4.2.0",
        "check-side-effects": "0.0.23",
        "color": "3.0.0",
        "colors": "1.1.2",
        "cross-env": "5.1.3",
        "cz-conventional-changelog": "1.2.0",
        "dependency-cruiser": "^9.12.0",
        "escape-string-regexp": "1.0.5",
        "eslint": "^7.8.1",
        "eslint-plugin-jasmine": "^2.10.1",
        "form-data": "^3.0.0",
        "fs-extra": "^8.1.0",
        "glob": "7.1.2",
        "google-closure-compiler-js": "20170218.0.0",
        "husky": "^4.2.5",
        "klaw-sync": "3.0.2",
        "lint-staged": "^10.2.11",
        "lodash": "^4.17.15",
        "minimist": "^1.2.5",
        "mocha": "^8.1.3",
        "nodemon": "^1.9.2",
        "npm-run-all": "4.1.2",
        "opn-cli": "3.1.0",
        "platform": "1.3.5",
        "prettier": "^2.5.1",
        "promise": "8.0.1",
        "rollup": "0.66.6",
        "rollup-plugin-alias": "1.4.0",
        "rollup-plugin-inject": "2.0.0",
        "rollup-plugin-node-resolve": "2.0.0",
        "shelljs": "^0.8.4",
        "shx": "^0.3.2",
        "sinon": "4.3.0",
        "sinon-chai": "2.14.0",
        "source-map-support": "0.5.3",
        "systemjs": "^0.21.0",
        "ts-node": "^9.1.1",
        "tslint": "^5.20.1",
        "tslint-config-prettier": "^1.18.0",
        "tslint-etc": "1.13.10",
        "tslint-no-toplevel-property-access": "0.0.2",
        "tslint-no-unused-expression-chai": "0.0.3",
        "typescript": "~4.2.0",
        "validate-commit-msg": "2.14.0",
        "web-streams-polyfill": "^3.0.2",
        "webpack": "^4.31.0"
      }
    },
    "../node_modules/.pnpm/tslib@2.8.1/node_modules/tslib": {
      "version": "2.8.1",
      "license": "0BSD"
    },
    "../node_modules/.pnpm/typescript@5.9.3/node_modules/typescript": {
      "version": "5.9.3",
      "dev": true,
      "license": "Apache-2.0",
      "bin": {
        "tsc": "bin/tsc",
        "tsserver": "bin/tsserver"
      },
      "devDependencies": {
        "@dprint/formatter": "^0.4.1",
        "@dprint/typescript": "0.93.4",
        "@esfx/canceltoken": "^1.0.0",
        "@eslint/js": "^9.20.0",
        "@octokit/rest": "^21.1.1",
        "@types/chai": "^4.3.20",
        "@types/diff": "^7.0.1",
        "@types/minimist": "^1.2.5",
        "@types/mocha": "^10.0.10",
        "@types/ms": "^0.7.34",
        "@types/node": "latest",
        "@types/source-map-support": "^0.5.10",
        "@types/which": "^3.0.4",
        "@typescript-eslint/rule-tester": "^8.24.1",
        "@typescript-eslint/type-utils": "^8.24.1",
        "@typescript-eslint/utils": "^8.24.1",
        "azure-devops-node-api": "^14.1.0",
        "c8": "^10.1.3",
        "chai": "^4.5.0",
        "chokidar": "^4.0.3",
        "diff": "^7.0.0",
        "dprint": "^0.49.0",
        "esbuild": "^0.25.0",
        "eslint": "^9.20.1",
        "eslint-formatter-autolinkable-stylish": "^1.4.0",
        "eslint-plugin-regexp": "^2.7.0",
        "fast-xml-parser": "^4.5.2",
        "glob": "^10.4.5",
        "globals": "^15.15.0",
        "hereby": "^1.10.0",
        "jsonc-parser": "^3.3.1",
        "knip": "^5.44.4",
        "minimist": "^1.2.8",
        "mocha": "^10.8.2",
        "mocha-fivemat-progress-reporter": "^0.1.0",
        "monocart-coverage-reports": "^2.12.1",
        "ms": "^2.1.3",
        "picocolors": "^1.1.1",
        "playwright": "^1.50.1",
        "source-map-support": "^0.5.21",
        "tslib": "^2.8.1",
        "typescript": "^5.7.3",
        "typescript-eslint": "^8.24.1",
        "which": "^3.0.1"
      },
      "engines": {
        "node": ">=14.17"
      }
    },
    "../node_modules/.pnpm/zone.js@0.15.1/node_modules/zone.js": {
      "version": "0.15.1",
      "license": "MIT",
      "devDependencies": {
        "@externs/nodejs": "^1.5.0",
        "@types/node": "^10.9.4",
        "domino": "https://github.com/angular/domino.git#93e720f143d0296dd2726ffbcf4fc12283363a7b",
        "google-closure-compiler": "^20250519.0.0",
        "jest": "^29.0",
        "jest-environment-jsdom": "^29.0.3",
        "jest-environment-node": "^29.0.3",
        "mocha": "^11.0.0",
        "mock-require": "3.0.3",
        "tslib": "^2.3.0",
        "vitest": "^3.1.3"
      }
    },
    "node_modules/@angular/animations": {
      "resolved": "../node_modules/.pnpm/@angular+animations@20.3.31_f11cc97a1b7633d59be5e91547e7faa6/node_modules/@angular/animations",
      "link": true
    },
    "node_modules/@angular/build": {
      "resolved": "../node_modules/.pnpm/@angular+build@20.3.37_@ang_3409843f4f1f5db7063bab0a168644ea/node_modules/@angular/build",
      "link": true
    },
    "node_modules/@angular/cdk": {
      "resolved": "../node_modules/.pnpm/@angular+cdk@20.2.14_@angul_81db9deb650f4472a5b686cd83e38aa9/node_modules/@angular/cdk",
      "link": true
    },
    "node_modules/@angular/cli": {
      "resolved": "../node_modules/.pnpm/@angular+cli@20.3.37_chokidar@4.0.3/node_modules/@angular/cli",
      "link": true
    },
    "node_modules/@angular/common": {
      "resolved": "../node_modules/.pnpm/@angular+common@20.3.31_@an_7ceb91717f88c76acafc240fbd554ced/node_modules/@angular/common",
      "link": true
    },
    "node_modules/@angular/compiler": {
      "resolved": "../node_modules/.pnpm/@angular+compiler@20.3.31/node_modules/@angular/compiler",
      "link": true
    },
    "node_modules/@angular/compiler-cli": {
      "resolved": "../node_modules/.pnpm/@angular+compiler-cli@20.3._4d54517eb502f0e19d71e1d34705011c/node_modules/@angular/compiler-cli",
      "link": true
    },
    "node_modules/@angular/core": {
      "resolved": "../node_modules/.pnpm/@angular+core@20.3.31_@angu_b2eaeb664795d2722e388c670fd38cda/node_modules/@angular/core",
      "link": true
    },
    "node_modules/@angular/forms": {
      "resolved": "../node_modules/.pnpm/@angular+forms@20.3.31_@ang_9955bb3afd1ca91c9e95abb4cee4a28b/node_modules/@angular/forms",
      "link": true
    },
    "node_modules/@angular/material": {
      "resolved": "../node_modules/.pnpm/@angular+material@20.2.14_eb2857489f902b621f1834083951e96a/node_modules/@angular/material",
      "link": true
    },
    "node_modules/@angular/platform-browser": {
      "resolved": "../node_modules/.pnpm/@angular+platform-browser@2_03bce70b93398801942d8cfd595f9ee8/node_modules/@angular/platform-browser",
      "link": true
    },
    "node_modules/@angular/platform-browser-dynamic": {
      "resolved": "../node_modules/.pnpm/@angular+platform-browser-d_a333ac9dc4652fef59193218520669c7/node_modules/@angular/platform-browser-dynamic",
      "link": true
    },
    "node_modules/@angular/router": {
      "resolved": "../node_modules/.pnpm/@angular+router@20.3.31_@an_3e8804563d62e96ad7c6c08a97d1aa6b/node_modules/@angular/router",
      "link": true
    },
    "node_modules/rxjs": {
      "resolved": "../node_modules/.pnpm/rxjs@7.8.2/node_modules/rxjs",
      "link": true
    },
    "node_modules/tslib": {
      "resolved": "../node_modules/.pnpm/tslib@2.8.1/node_modules/tslib",
      "link": true
    },
    "node_modules/typescript": {
      "resolved": "../node_modules/.pnpm/typescript@5.9.3/node_modules/typescript",
      "link": true
    },
    "node_modules/zone.js": {
      "resolved": "../node_modules/.pnpm/zone.js@0.15.1/node_modules/zone.js",
      "link": true
    }
  }
}
